Microsoft Visual Studio Solution File, Format Version 12.00
# Visual Studio Version 18
VisualStudioVersion = 18.3.11429.125 d18.3
MinimumVisualStudioVersion = 10.0.40219.1
Project("{FAE04EC0-301F-11D3-BF4B-00C04F79EFBC}") = "SharkTankDesktop", "SharkTankDesktop.csproj", "{EBCBB8CA-3674-41E4-88DA-7962D51D5BC8}"
EndProject
Global
	GlobalSection(SolutionConfigurationPlatforms) = preSolution
		Debug|Any CPU = Debug|Any CPU
		Release|Any CPU = Release|Any CPU
	EndGlobalSection
	GlobalSection(ProjectConfigurationPlatforms) = postSolution
		{EBCBB8CA-3674-41E4-88DA-7962D51D5BC8}.Debug|Any CPU.ActiveCfg = Debug|Any CPU
		{EBCBB8CA-3674-41E4-88DA-7962D51D5BC8}.Debug|Any CPU.Build.0 = Debug|Any CPU
		{EBCBB8CA-3674-41E4-88DA-7962D51D5BC8}.Release|Any CPU.ActiveCfg = Release|Any CPU
		{EBCBB8CA-3674-41E4-88DA-7962D51D5BC8}.Release|Any CPU.Build.0 = Release|Any CPU
	EndGlobalSection
	GlobalSection(SolutionProperties) = preSolution
		HideSolutionNode = FALSE
	EndGlobalSection
	GlobalSection(ExtensibilityGlobals) = postSolution
		SolutionGuid = {53FCC573-0A1A-4918-A4D6-5D3F4DE8B952}
	EndGlobalSection
EndGlobal
